
Microsoft Visual Studio Solution File, Format Version 12.00
# Visual Studio Version 17
VisualStudioVersion = 17.9.34723.18
MinimumVisualStudioVersion = 10.0.40219.1
Project("{FAE04EC0-301F-11D3-BF4B-00C04F79EFBC}") = "Аптека", "Аптека.csproj", "{34573429-4ECD-4B33-BDAE-7734561F9455}"
EndProject
Global
	GlobalSection(SolutionConfigurationPlatforms) = preSolution
		Debug|Any CPU = Debug|Any CPU
		Release|Any CPU = Release|Any CPU
	EndGlobalSection
	GlobalSection(ProjectConfigurationPlatforms) = postSolution
		{34573429-4ECD-4B33-BDAE-7734561F9455}.Debug|Any CPU.ActiveCfg = Debug|Any CPU
		{34573429-4ECD-4B33-BDAE-7734561F9455}.Debug|Any CPU.Build.0 = Debug|Any CPU
		{34573429-4ECD-4B33-BDAE-7734561F9455}.Release|Any CPU.ActiveCfg = Release|Any CPU
		{34573429-4ECD-4B33-BDAE-7734561F9455}.Release|Any CPU.Build.0 = Release|Any CPU
	EndGlobalSection
	GlobalSection(SolutionProperties) = preSolution
		HideSolutionNode = FALSE
	EndGlobalSection
	GlobalSection(ExtensibilityGlobals) = postSolution
		SolutionGuid = {4DF49462-1C5F-4374-9409-3F6E24B17D32}
	EndGlobalSection
EndGlobal
